
Microsoft Visual Studio Solution File, Format Version 12.00
# Visual Studio 15
VisualStudioVersion = 15.0.28307.645
MinimumVisualStudioVersion = 10.0.40219.1
Project("{FAE04EC0-301F-11D3-BF4B-00C04F79EFBC}") = "PokerHandShowdown", "PokerHandShowdown\PokerHandShowdown.csproj", "{171EE0A7-A38B-4E15-A03A-71E862447A4F}"
EndProject
Project("{FAE04EC0-301F-11D3-BF4B-00C04F79EFBC}") = "PokerHandShowdownTest", "PokerHandShowdownTest\PokerHandShowdownTest.csproj", "{A36EFB0A-D23F-4CD6-9369-06E8F1C500B1}"
EndProject
Global
	GlobalSection(SolutionConfigurationPlatforms) = preSolution
		Debug|Any CPU = Debug|Any CPU
		Release|Any CPU = Release|Any CPU
	EndGlobalSection
	GlobalSection(ProjectConfigurationPlatforms) = postSolution
		{171EE0A7-A38B-4E15-A03A-71E862447A4F}.Debug|Any CPU.ActiveCfg = Debug|Any CPU
		{171EE0A7-A38B-4E15-A03A-71E862447A4F}.Debug|Any CPU.Build.0 = Debug|Any CPU
		{171EE0A7-A38B-4E15-A03A-71E862447A4F}.Release|Any CPU.ActiveCfg = Release|Any CPU
		{171EE0A7-A38B-4E15-A03A-71E862447A4F}.Release|Any CPU.Build.0 = Release|Any CPU
		{A36EFB0A-D23F-4CD6-9369-06E8F1C500B1}.Debug|Any CPU.ActiveCfg = Debug|Any CPU
		{A36EFB0A-D23F-4CD6-9369-06E8F1C500B1}.Debug|Any CPU.Build.0 = Debug|Any CPU
		{A36EFB0A-D23F-4CD6-9369-06E8F1C500B1}.Release|Any CPU.ActiveCfg = Release|Any CPU
		{A36EFB0A-D23F-4CD6-9369-06E8F1C500B1}.Release|Any CPU.Build.0 = Release|Any CPU
	EndGlobalSection
	GlobalSection(SolutionProperties) = preSolution
		HideSolutionNode = FALSE
	EndGlobalSection
	GlobalSection(ExtensibilityGlobals) = postSolution
		SolutionGuid = {2551B59E-CD87-4AED-85FE-5D10214D2E49}
	EndGlobalSection
EndGlobal
